
Microsoft Visual Studio Solution File, Format Version 12.00
# Visual Studio Version 17
VisualStudioVersion = 17.5.002.0
MinimumVisualStudioVersion = 10.0.40219.1
Project("{9A19103F-16F7-4668-BE54-9A1E7A4F7556}") = "rtt-api", "rtt-api.csproj", "{D2582189-8BDB-4A17-9FB5-E5E052EE3A63}"
EndProject
Global
	GlobalSection(SolutionConfigurationPlatforms) = preSolution
		Debug|Any CPU = Debug|Any CPU
		Release|Any CPU = Release|Any CPU
	EndGlobalSection
	GlobalSection(ProjectConfigurationPlatforms) = postSolution
		{D2582189-8BDB-4A17-9FB5-E5E052EE3A63}.Debug|Any CPU.ActiveCfg = Debug|Any CPU
		{D2582189-8BDB-4A17-9FB5-E5E052EE3A63}.Debug|Any CPU.Build.0 = Debug|Any CPU
		{D2582189-8BDB-4A17-9FB5-E5E052EE3A63}.Release|Any CPU.ActiveCfg = Release|Any CPU
		{D2582189-8BDB-4A17-9FB5-E5E052EE3A63}.Release|Any CPU.Build.0 = Release|Any CPU
	EndGlobalSection
	GlobalSection(SolutionProperties) = preSolution
		HideSolutionNode = FALSE
	EndGlobalSection
	GlobalSection(ExtensibilityGlobals) = postSolution
		SolutionGuid = {4DBDFCE0-C31C-4D32-976B-698D3F3BFC60}
	EndGlobalSection
EndGlobal
